
Microsoft Visual Studio Solution File, Format Version 12.00
# Visual Studio Version 17
VisualStudioVersion = 17.11.35222.181
MinimumVisualStudioVersion = 10.0.40219.1
Project("{FAE04EC0-301F-11D3-BF4B-00C04F79EFBC}") = "webformapp", "webformapp.csproj", "{0DB1AC93-9EF4-4486-93A7-1884189715F6}"
EndProject
Project("{00D1A9C2-B5F0-4AF3-8072-F6C62B433612}") = "TrainingDemoDB", "..\database\TrainingDemoDB.sqlproj", "{73ADEC39-E55A-4BCB-B14D-653740C79DE1}"
EndProject
Global
	GlobalSection(SolutionConfigurationPlatforms) = preSolution
		Debug|Any CPU = Debug|Any CPU
		Release|Any CPU = Release|Any CPU
	EndGlobalSection
	GlobalSection(ProjectConfigurationPlatforms) = postSolution
		{0DB1AC93-9EF4-4486-93A7-1884189715F6}.Debug|Any CPU.ActiveCfg = Debug|Any CPU
		{0DB1AC93-9EF4-4486-93A7-1884189715F6}.Debug|Any CPU.Build.0 = Debug|Any CPU
		{0DB1AC93-9EF4-4486-93A7-1884189715F6}.Release|Any CPU.ActiveCfg = Release|Any CPU
		{0DB1AC93-9EF4-4486-93A7-1884189715F6}.Release|Any CPU.Build.0 = Release|Any CPU
		{73ADEC39-E55A-4BCB-B14D-653740C79DE1}.Debug|Any CPU.ActiveCfg = Debug|Any CPU
		{73ADEC39-E55A-4BCB-B14D-653740C79DE1}.Debug|Any CPU.Build.0 = Debug|Any CPU
		{73ADEC39-E55A-4BCB-B14D-653740C79DE1}.Debug|Any CPU.Deploy.0 = Debug|Any CPU
		{73ADEC39-E55A-4BCB-B14D-653740C79DE1}.Release|Any CPU.ActiveCfg = Release|Any CPU
		{73ADEC39-E55A-4BCB-B14D-653740C79DE1}.Release|Any CPU.Build.0 = Release|Any CPU
		{73ADEC39-E55A-4BCB-B14D-653740C79DE1}.Release|Any CPU.Deploy.0 = Release|Any CPU
	EndGlobalSection
	GlobalSection(SolutionProperties) = preSolution
		HideSolutionNode = FALSE
	EndGlobalSection
	GlobalSection(ExtensibilityGlobals) = postSolution
		SolutionGuid = {091C34D2-37E2-4372-8C3B-B469E01F12FE}
	EndGlobalSection
EndGlobal
